
Microsoft Visual Studio Solution File, Format Version 12.00
Project("{FAE04EC0-301F-11D3-BF4B-00C04F79EFBC}") = "MonthOfCSharp", "MonthOfCSharp\MonthOfCSharp.csproj", "{D2867984-99EA-4BBF-979A-D91833F92936}"
EndProject
Global
	GlobalSection(SolutionConfigurationPlatforms) = preSolution
		Debug|Any CPU = Debug|Any CPU
		Release|Any CPU = Release|Any CPU
	EndGlobalSection
	GlobalSection(ProjectConfigurationPlatforms) = postSolution
		{D2867984-99EA-4BBF-979A-D91833F92936}.Debug|Any CPU.ActiveCfg = Debug|Any CPU
		{D2867984-99EA-4BBF-979A-D91833F92936}.Debug|Any CPU.Build.0 = Debug|Any CPU
		{D2867984-99EA-4BBF-979A-D91833F92936}.Release|Any CPU.ActiveCfg = Release|Any CPU
		{D2867984-99EA-4BBF-979A-D91833F92936}.Release|Any CPU.Build.0 = Release|Any CPU
	EndGlobalSection
EndGlobal
